
Microsoft Visual Studio Solution File, Format Version 12.00
# Visual Studio Version 17
VisualStudioVersion = 17.8.34330.188
MinimumVisualStudioVersion = 10.0.40219.1
Project("{FAE04EC0-301F-11D3-BF4B-00C04F79EFBC}") = "RickAndMortyApi", "RickAndMortyApi\RickAndMortyApi.csproj", "{B6A14268-31B9-4677-B32E-5ACD5AF3074E}"
EndProject
Global
	GlobalSection(SolutionConfigurationPlatforms) = preSolution
		Debug|Any CPU = Debug|Any CPU
		Release|Any CPU = Release|Any CPU
	EndGlobalSection
	GlobalSection(ProjectConfigurationPlatforms) = postSolution
		{B6A14268-31B9-4677-B32E-5ACD5AF3074E}.Debug|Any CPU.ActiveCfg = Debug|Any CPU
		{B6A14268-31B9-4677-B32E-5ACD5AF3074E}.Debug|Any CPU.Build.0 = Debug|Any CPU
		{B6A14268-31B9-4677-B32E-5ACD5AF3074E}.Release|Any CPU.ActiveCfg = Release|Any CPU
		{B6A14268-31B9-4677-B32E-5ACD5AF3074E}.Release|Any CPU.Build.0 = Release|Any CPU
	EndGlobalSection
	GlobalSection(SolutionProperties) = preSolution
		HideSolutionNode = FALSE
	EndGlobalSection
	GlobalSection(ExtensibilityGlobals) = postSolution
		SolutionGuid = {49ECD5BE-CA79-4A71-8753-C591C991F658}
	EndGlobalSection
EndGlobal
